
Microsoft Visual Studio Solution File, Format Version 12.00
# Visual Studio Version 17
VisualStudioVersion = 17.5.002.0
MinimumVisualStudioVersion = 10.0.40219.1
Project("{2150E333-8FDC-42A3-9474-1A3956D46DE8}") = "src", "src", "{91C7964D-5BEA-450C-A04A-66283E42B5EB}"
EndProject
Project("{9A19103F-16F7-4668-BE54-9A1E7A4F7556}") = "Hyponome.Web", "Hyponome.Web\Hyponome.Web.csproj", "{4FF0D28E-7CA2-4DDF-9867-2C4CAC935F2C}"
EndProject
Global
	GlobalSection(SolutionConfigurationPlatforms) = preSolution
		Debug|Any CPU = Debug|Any CPU
		Release|Any CPU = Release|Any CPU
	EndGlobalSection
	GlobalSection(ProjectConfigurationPlatforms) = postSolution
		{4FF0D28E-7CA2-4DDF-9867-2C4CAC935F2C}.Debug|Any CPU.ActiveCfg = Debug|Any CPU
		{4FF0D28E-7CA2-4DDF-9867-2C4CAC935F2C}.Debug|Any CPU.Build.0 = Debug|Any CPU
		{4FF0D28E-7CA2-4DDF-9867-2C4CAC935F2C}.Release|Any CPU.ActiveCfg = Release|Any CPU
		{4FF0D28E-7CA2-4DDF-9867-2C4CAC935F2C}.Release|Any CPU.Build.0 = Release|Any CPU
	EndGlobalSection
	GlobalSection(SolutionProperties) = preSolution
		HideSolutionNode = FALSE
	EndGlobalSection
	GlobalSection(NestedProjects) = preSolution
		{4FF0D28E-7CA2-4DDF-9867-2C4CAC935F2C} = {91C7964D-5BEA-450C-A04A-66283E42B5EB}
	EndGlobalSection
	GlobalSection(ExtensibilityGlobals) = postSolution
		SolutionGuid = {8CB21C5E-6566-431A-A433-D8729FC6956D}
	EndGlobalSection
EndGlobal
